
Microsoft Visual Studio Solution File, Format Version 12.00
# Visual Studio Version 16
VisualStudioVersion = 16.0.29728.190
MinimumVisualStudioVersion = 10.0.40219.1
Project("{FAE04EC0-301F-11D3-BF4B-00C04F79EFBC}") = "APITestApp", "APITestApp\APITestApp.csproj", "{B3985647-3BE2-4EDD-A464-5BB520A4289F}"
EndProject
Global
	GlobalSection(SolutionConfigurationPlatforms) = preSolution
		Debug|Any CPU = Debug|Any CPU
		Release|Any CPU = Release|Any CPU
	EndGlobalSection
	GlobalSection(ProjectConfigurationPlatforms) = postSolution
		{B3985647-3BE2-4EDD-A464-5BB520A4289F}.Debug|Any CPU.ActiveCfg = Debug|Any CPU
		{B3985647-3BE2-4EDD-A464-5BB520A4289F}.Debug|Any CPU.Build.0 = Debug|Any CPU
		{B3985647-3BE2-4EDD-A464-5BB520A4289F}.Release|Any CPU.ActiveCfg = Release|Any CPU
		{B3985647-3BE2-4EDD-A464-5BB520A4289F}.Release|Any CPU.Build.0 = Release|Any CPU
	EndGlobalSection
	GlobalSection(SolutionProperties) = preSolution
		HideSolutionNode = FALSE
	EndGlobalSection
	GlobalSection(ExtensibilityGlobals) = postSolution
		SolutionGuid = {44B41A83-4EEE-44D9-A918-B5324939E560}
	EndGlobalSection
EndGlobal
